Microsoft Visual Studio Solution File, Format Version 12.00
# Visual Studio Version 17
VisualStudioVersion = 17.5.2.0
MinimumVisualStudioVersion = 10.0.40219.1
Project("{2150E333-8FDC-42A3-9474-1A3956D46DE8}") = "Conditionals", "Conditionals", "{2881503F-E06E-2272-EBB0-582A9B2CAE1F}"
EndProject
Project("{2150E333-8FDC-42A3-9474-1A3956D46DE8}") = "Loops", "Loops", "{50B08159-201E-6AF5-D02E-CF18B914CD7D}"
EndProject
Project("{FAE04EC0-301F-11D3-BF4B-00C04F79EFBC}") = "01_EvenOdd", "Conditionals\01_EvenOdd\01_EvenOdd.csproj", "{B55B2CDB-51A4-AA3B-C7A3-FD483D1E58DE}"
EndProject
Project("{FAE04EC0-301F-11D3-BF4B-00C04F79EFBC}") = "02_HeightCatogory", "Conditionals\02_HeightCatogory\02_HeightCatogory.csproj", "{BFD2FDDE-3948-56AC-D968-D6DCDD3D9F92}"
EndProject
Project("{FAE04EC0-301F-11D3-BF4B-00C04F79EFBC}") = "03_LargestOfThree", "Conditionals\03_LargestOfThree\03_LargestOfThree.csproj", "{1BF39B28-FC4C-081F-EAB3-6262D7739A6A}"
EndProject
Project("{2150E333-8FDC-42A3-9474-1A3956D46DE8}") = "04_LeapYear", "04_LeapYear", "{FD21602C-4DB1-1FF6-4025-2DA282729889}"
EndProject
Project("{FAE04EC0-301F-11D3-BF4B-00C04F79EFBC}") = "05_LeapYear", "Conditionals\04_LeapYear\05_LeapYear.csproj", "{354838A7-EE0D-15E4-697E-A71A9BD9F892}"
EndProject
Project("{FAE04EC0-301F-11D3-BF4B-00C04F79EFBC}") = "05_Quadratic", "Conditionals\05_Quadratic\05_Quadratic.csproj", "{ED2077E1-18FA-343B-2A8D-F2E393C02D1F}"
EndProject
Project("{FAE04EC0-301F-11D3-BF4B-00C04F79EFBC}") = "06_AdmissionEligibility", "Conditionals\06_AdmissionEligibility\06_AdmissionEligibility.csproj", "{059A95DC-223C-553F-AF95-7454C839659F}"
EndProject
Project("{FAE04EC0-301F-11D3-BF4B-00C04F79EFBC}") = "07_ElectricityBill", "Conditionals\07_ElectricityBill\07_ElectricityBill.csproj", "{211A2752-33AC-9E22-DA82-9D9070737F53}"
EndProject
Project("{FAE04EC0-301F-11D3-BF4B-00C04F79EFBC}") = "08_VowelConsonant", "Conditionals\08_VowelConsonant\08_VowelConsonant.csproj", "{6C085FD7-EE49-7746-0BFC-F558B39BCA54}"
EndProject
Project("{FAE04EC0-301F-11D3-BF4B-00C04F79EFBC}") = "09_TriangleType", "Conditionals\09_TriangleType\09_TriangleType.csproj", "{50F80C5C-D926-9FA6-636D-F8E74D406029}"
EndProject
Project("{FAE04EC0-301F-11D3-BF4B-00C04F79EFBC}") = "10_QuadrantFinder", "Conditionals\10_QuadrantFinder\10_QuadrantFinder.csproj", "{3B94E243-A32A-43C2-E652-762B26C61FE6}"
EndProject
Project("{2150E333-8FDC-42A3-9474-1A3956D46DE8}") = "11_GradeDescription", "11_GradeDescription", "{5987DA72-D57E-F585-8E4F-93CA09EE56AB}"
EndProject
Project("{FAE04EC0-301F-11D3-BF4B-00C04F79EFBC}") = "12_GradeDescription", "Conditionals\11_GradeDescription\12_GradeDescription.csproj", "{8BE26440-00E4-F583-3FE9-6EDF5F74F723}"
EndProject
Project("{2150E333-8FDC-42A3-9474-1A3956D46DE8}") = "12_ValidDate", "12_ValidDate", "{01421E73-E9FB-D622-2BFB-C02B3C001D47}"
EndProject
Project("{FAE04EC0-301F-11D3-BF4B-00C04F79EFBC}") = "13_ValidDate", "Conditionals\12_ValidDate\13_ValidDate.csproj", "{1B01E34B-08CA-2959-3EE6-E1566342A485}"
EndProject
Project("{2150E333-8FDC-42A3-9474-1A3956D46DE8}") = "13_ATMWithdrawal", "13_ATMWithdrawal", "{3D7C06BB-6924-94A3-0A76-93C6E03D4072}"
EndProject
Project("{FAE04EC0-301F-11D3-BF4B-00C04F79EFBC}") = "14_ATMWithdrawal", "Conditionals\13_ATMWithdrawal\14_ATMWithdrawal.csproj", "{C431E442-5F51-E343-84E5-A87D32324D39}"
EndProject
Project("{2150E333-8FDC-42A3-9474-1A3956D46DE8}") = "14_ProfitLoss", "14_ProfitLoss", "{F79263E8-9791-6ED5-36EF-841CB5A03C3B}"
EndProject
Project("{FAE04EC0-301F-11D3-BF4B-00C04F79EFBC}") = "15_ProfitLoss", "Conditionals\14_ProfitLoss\15_ProfitLoss.csproj", "{499482AA-1911-41CF-AFDF-8C40CEFC1DCF}"
EndProject
Project("{2150E333-8FDC-42A3-9474-1A3956D46DE8}") = "15_RockPaperScissors", "15_RockPaperScissors", "{A1C1EC73-86D4-5DD9-BF44-1DFE2B01CE72}"
EndProject
Project("{FAE04EC0-301F-11D3-BF4B-00C04F79EFBC}") = "16_RockPaperScissors", "Conditionals\15_RockPaperScissors\16_RockPaperScissors.csproj", "{27F2A52B-DFC3-E670-E4D0-0F1DF3A2BEF5}"
EndProject
Project("{2150E333-8FDC-42A3-9474-1A3956D46DE8}") = "16_SimpleCalculator", "16_SimpleCalculator", "{A42EF826-D637-981E-49FF-972CFB6E3F43}"
EndProject
Project("{FAE04EC0-301F-11D3-BF4B-00C04F79EFBC}") = "17_SimpleCalculator", "Conditionals\16_SimpleCalculator\17_SimpleCalculator.csproj", "{6EE73575-0F7A-13D7-B131-308A3F753EE1}"
EndProject
Project("{FAE04EC0-301F-11D3-BF4B-00C04F79EFBC}") = "17_FibonacciSeries", "Loops\17_FibonacciSeries\17_FibonacciSeries.csproj", "{5BE27181-FEAB-CF96-02CB-71A5382282C8}"
EndProject
Project("{FAE04EC0-301F-11D3-BF4B-00C04F79EFBC}") = "18_PrimeNumber", "Loops\18_PrimeNumber\18_PrimeNumber.csproj", "{9B0E01E1-5A81-3F05-3BC0-1CDFAA1B229D}"
EndProject
Project("{FAE04EC0-301F-11D3-BF4B-00C04F79EFBC}") = "19_ArmstrongNumber", "Loops\19_ArmstrongNumber\19_ArmstrongNumber.csproj", "{DA24289F-8719-08C1-7156-6D8E0B58DA73}"
EndProject
Project("{FAE04EC0-301F-11D3-BF4B-00C04F79EFBC}") = "20_ReverseAndPalindrome", "Loops\20_ReverseAndPalindrome\20_ReverseAndPalindrome.csproj", "{89EFB4DE-FB2F-7514-18F5-6159E2A868C4}"
EndProject
Project("{FAE04EC0-301F-11D3-BF4B-00C04F79EFBC}") = "21_GCD_LCM", "Loops\21_GCD_LCM\21_GCD_LCM.csproj", "{5451E787-2D31-190D-7C62-A163180098BF}"
EndProject
Project("{FAE04EC0-301F-11D3-BF4B-00C04F79EFBC}") = "22_PascalsTriangle", "Loops\22_PascalsTriangle\22_PascalsTriangle.csproj", "{362782A2-3AFC-9C98-A2B2-1414E037CAD7}"
EndProject
Project("{FAE04EC0-301F-11D3-BF4B-00C04F79EFBC}") = "23_BinaryToDecimal", "Loops\23_BinaryToDecimal\23_BinaryToDecimal.csproj", "{83880CEA-8041-CD71-9FD7-F33FF5ECEC83}"
EndProject
Project("{FAE04EC0-301F-11D3-BF4B-00C04F79EFBC}") = "24_DiamondPattern", "Loops\24_DiamondPattern\24_DiamondPattern.csproj", "{0832171B-9C6C-993C-1262-E225321DF797}"
EndProject
Project("{FAE04EC0-301F-11D3-BF4B-00C04F79EFBC}") = "25_FactorialLarge", "Loops\25_FactorialLarge\25_FactorialLarge.csproj", "{6C5458D1-B873-64F4-91B6-D9527EC86D94}"
EndProject
Project("{FAE04EC0-301F-11D3-BF4B-00C04F79EFBC}") = "26_GuessingGame", "Loops\26_GuessingGame\26_GuessingGame.csproj", "{3FE5830B-5B68-C77D-2898-A12285379779}"
EndProject
Project("{FAE04EC0-301F-11D3-BF4B-00C04F79EFBC}") = "27_DigitalRoot", "Loops\27_DigitalRoot\27_DigitalRoot.csproj", "{5C5CAD04-EE5B-FEC3-E77D-13F916BC77CB}"
EndProject
Project("{FAE04EC0-301F-11D3-BF4B-00C04F79EFBC}") = "28_ContinueUsage", "Loops\28_ContinueUsage\28_ContinueUsage.csproj", "{8E57810D-D828-4E49-C6BA-37E34891E461}"
EndProject
Project("{FAE04EC0-301F-11D3-BF4B-00C04F79EFBC}") = "29_MenuSystem", "Loops\29_MenuSystem\29_MenuSystem.csproj", "{FD0C4077-394E-327D-D37D-EA2245B40B39}"
EndProject
Project("{FAE04EC0-301F-11D3-BF4B-00C04F79EFBC}") = "30_StrongNumber", "Loops\30_StrongNumber\30_StrongNumber.csproj", "{C78E37A5-58B5-0395-29C1-62134DE6DB56}"
EndProject
Project("{FAE04EC0-301F-11D3-BF4B-00C04F79EFBC}") = "31_SearchWithGoto", "Loops\31_SearchWithGoto\31_SearchWithGoto.csproj", "{E1ABC7D8-E831-831E-90E9-7E84E171ABC8}"
EndProject
Global
	GlobalSection(SolutionConfigurationPlatforms) = preSolution
		Debug|Any CPU = Debug|Any CPU
		Release|Any CPU = Release|Any CPU
	EndGlobalSection
	GlobalSection(ProjectConfigurationPlatforms) = postSolution
		{B55B2CDB-51A4-AA3B-C7A3-FD483D1E58DE}.Debug|Any CPU.ActiveCfg = Debug|Any CPU
		{B55B2CDB-51A4-AA3B-C7A3-FD483D1E58DE}.Debug|Any CPU.Build.0 = Debug|Any CPU
		{B55B2CDB-51A4-AA3B-C7A3-FD483D1E58DE}.Release|Any CPU.ActiveCfg = Release|Any CPU
		{B55B2CDB-51A4-AA3B-C7A3-FD483D1E58DE}.Release|Any CPU.Build.0 = Release|Any CPU
		{BFD2FDDE-3948-56AC-D968-D6DCDD3D9F92}.Debug|Any CPU.ActiveCfg = Debug|Any CPU
		{BFD2FDDE-3948-56AC-D968-D6DCDD3D9F92}.Debug|Any CPU.Build.0 = Debug|Any CPU
		{BFD2FDDE-3948-56AC-D968-D6DCDD3D9F92}.Release|Any CPU.ActiveCfg = Release|Any CPU
		{BFD2FDDE-3948-56AC-D968-D6DCDD3D9F92}.Release|Any CPU.Build.0 = Release|Any CPU
		{1BF39B28-FC4C-081F-EAB3-6262D7739A6A}.Debug|Any CPU.ActiveCfg = Debug|Any CPU
		{1BF39B28-FC4C-081F-EAB3-6262D7739A6A}.Debug|Any CPU.Build.0 = Debug|Any CPU
		{1BF39B28-FC4C-081F-EAB3-6262D7739A6A}.Release|Any CPU.ActiveCfg = Release|Any CPU
		{1BF39B28-FC4C-081F-EAB3-6262D7739A6A}.Release|Any CPU.Build.0 = Release|Any CPU
		{354838A7-EE0D-15E4-697E-A71A9BD9F892}.Debug|Any CPU.ActiveCfg = Debug|Any CPU
		{354838A7-EE0D-15E4-697E-A71A9BD9F892}.Debug|Any CPU.Build.0 = Debug|Any CPU
		{354838A7-EE0D-15E4-697E-A71A9BD9F892}.Release|Any CPU.ActiveCfg = Release|Any CPU
		{354838A7-EE0D-15E4-697E-A71A9BD9F892}.Release|Any CPU.Build.0 = Release|Any CPU
		{ED2077E1-18FA-343B-2A8D-F2E393C02D1F}.Debug|Any CPU.ActiveCfg = Debug|Any CPU
		{ED2077E1-18FA-343B-2A8D-F2E393C02D1F}.Debug|Any CPU.Build.0 = Debug|Any CPU
		{ED2077E1-18FA-343B-2A8D-F2E393C02D1F}.Release|Any CPU.ActiveCfg = Release|Any CPU
		{ED2077E1-18FA-343B-2A8D-F2E393C02D1F}.Release|Any CPU.Build.0 = Release|Any CPU
		{059A95DC-223C-553F-AF95-7454C839659F}.Debug|Any CPU.ActiveCfg = Debug|Any CPU
		{059A95DC-223C-553F-AF95-7454C839659F}.Debug|Any CPU.Build.0 = Debug|Any CPU
		{059A95DC-223C-553F-AF95-7454C839659F}.Release|Any CPU.ActiveCfg = Release|Any CPU
		{059A95DC-223C-553F-AF95-7454C839659F}.Release|Any CPU.Build.0 = Release|Any CPU
		{211A2752-33AC-9E22-DA82-9D9070737F53}.Debug|Any CPU.ActiveCfg = Debug|Any CPU
		{211A2752-33AC-9E22-DA82-9D9070737F53}.Debug|Any CPU.Build.0 = Debug|Any CPU
		{211A2752-33AC-9E22-DA82-9D9070737F53}.Release|Any CPU.ActiveCfg = Release|Any CPU
		{211A2752-33AC-9E22-DA82-9D9070737F53}.Release|Any CPU.Build.0 = Release|Any CPU
		{6C085FD7-EE49-7746-0BFC-F558B39BCA54}.Debug|Any CPU.ActiveCfg = Debug|Any CPU
		{6C085FD7-EE49-7746-0BFC-F558B39BCA54}.Debug|Any CPU.Build.0 = Debug|Any CPU
		{6C085FD7-EE49-7746-0BFC-F558B39BCA54}.Release|Any CPU.ActiveCfg = Release|Any CPU
		{6C085FD7-EE49-7746-0BFC-F558B39BCA54}.Release|Any CPU.Build.0 = Release|Any CPU
		{50F80C5C-D926-9FA6-636D-F8E74D406029}.Debug|Any CPU.ActiveCfg = Debug|Any CPU
		{50F80C5C-D926-9FA6-636D-F8E74D406029}.Debug|Any CPU.Build.0 = Debug|Any CPU
		{50F80C5C-D926-9FA6-636D-F8E74D406029}.Release|Any CPU.ActiveCfg = Release|Any CPU
		{50F80C5C-D926-9FA6-636D-F8E74D406029}.Release|Any CPU.Build.0 = Release|Any CPU
		{3B94E243-A32A-43C2-E652-762B26C61FE6}.Debug|Any CPU.ActiveCfg = Debug|Any CPU
		{3B94E243-A32A-43C2-E652-762B26C61FE6}.Debug|Any CPU.Build.0 = Debug|Any CPU
		{3B94E243-A32A-43C2-E652-762B26C61FE6}.Release|Any CPU.ActiveCfg = Release|Any CPU
		{3B94E243-A32A-43C2-E652-762B26C61FE6}.Release|Any CPU.Build.0 = Release|Any CPU
		{8BE26440-00E4-F583-3FE9-6EDF5F74F723}.Debug|Any CPU.ActiveCfg = Debug|Any CPU
		{8BE26440-00E4-F583-3FE9-6EDF5F74F723}.Debug|Any CPU.Build.0 = Debug|Any CPU
		{8BE26440-00E4-F583-3FE9-6EDF5F74F723}.Release|Any CPU.ActiveCfg = Release|Any CPU
		{8BE26440-00E4-F583-3FE9-6EDF5F74F723}.Release|Any CPU.Build.0 = Release|Any CPU
		{1B01E34B-08CA-2959-3EE6-E1566342A485}.Debug|Any CPU.ActiveCfg = Debug|Any CPU
		{1B01E34B-08CA-2959-3EE6-E1566342A485}.Debug|Any CPU.Build.0 = Debug|Any CPU
		{1B01E34B-08CA-2959-3EE6-E1566342A485}.Release|Any CPU.ActiveCfg = Release|Any CPU
		{1B01E34B-08CA-2959-3EE6-E1566342A485}.Release|Any CPU.Build.0 = Release|Any CPU
		{C431E442-5F51-E343-84E5-A87D32324D39}.Debug|Any CPU.ActiveCfg = Debug|Any CPU
		{C431E442-5F51-E343-84E5-A87D32324D39}.Debug|Any CPU.Build.0 = Debug|Any CPU
		{C431E442-5F51-E343-84E5-A87D32324D39}.Release|Any CPU.ActiveCfg = Release|Any CPU
		{C431E442-5F51-E343-84E5-A87D32324D39}.Release|Any CPU.Build.0 = Release|Any CPU
		{499482AA-1911-41CF-AFDF-8C40CEFC1DCF}.Debug|Any CPU.ActiveCfg = Debug|Any CPU
		{499482AA-1911-41CF-AFDF-8C40CEFC1DCF}.Debug|Any CPU.Build.0 = Debug|Any CPU
		{499482AA-1911-41CF-AFDF-8C40CEFC1DCF}.Release|Any CPU.ActiveCfg = Release|Any CPU
		{499482AA-1911-41CF-AFDF-8C40CEFC1DCF}.Release|Any CPU.Build.0 = Release|Any CPU
		{27F2A52B-DFC3-E670-E4D0-0F1DF3A2BEF5}.Debug|Any CPU.ActiveCfg = Debug|Any CPU
		{27F2A52B-DFC3-E670-E4D0-0F1DF3A2BEF5}.Debug|Any CPU.Build.0 = Debug|Any CPU
		{27F2A52B-DFC3-E670-E4D0-0F1DF3A2BEF5}.Release|Any CPU.ActiveCfg = Release|Any CPU
		{27F2A52B-DFC3-E670-E4D0-0F1DF3A2BEF5}.Release|Any CPU.Build.0 = Release|Any CPU
		{6EE73575-0F7A-13D7-B131-308A3F753EE1}.Debug|Any CPU.ActiveCfg = Debug|Any CPU
		{6EE73575-0F7A-13D7-B131-308A3F753EE1}.Debug|Any CPU.Build.0 = Debug|Any CPU
		{6EE73575-0F7A-13D7-B131-308A3F753EE1}.Release|Any CPU.ActiveCfg = Release|Any CPU
		{6EE73575-0F7A-13D7-B131-308A3F753EE1}.Release|Any CPU.Build.0 = Release|Any CPU
		{5BE27181-FEAB-CF96-02CB-71A5382282C8}.Debug|Any CPU.ActiveCfg = Debug|Any CPU
		{5BE27181-FEAB-CF96-02CB-71A5382282C8}.Debug|Any CPU.Build.0 = Debug|Any CPU
		{5BE27181-FEAB-CF96-02CB-71A5382282C8}.Release|Any CPU.ActiveCfg = Release|Any CPU
		{5BE27181-FEAB-CF96-02CB-71A5382282C8}.Release|Any CPU.Build.0 = Release|Any CPU
		{9B0E01E1-5A81-3F05-3BC0-1CDFAA1B229D}.Debug|Any CPU.ActiveCfg = Debug|Any CPU
		{9B0E01E1-5A81-3F05-3BC0-1CDFAA1B229D}.Debug|Any CPU.Build.0 = Debug|Any CPU
		{9B0E01E1-5A81-3F05-3BC0-1CDFAA1B229D}.Release|Any CPU.ActiveCfg = Release|Any CPU
		{9B0E01E1-5A81-3F05-3BC0-1CDFAA1B229D}.Release|Any CPU.Build.0 = Release|Any CPU
		{DA24289F-8719-08C1-7156-6D8E0B58DA73}.Debug|Any CPU.ActiveCfg = Debug|Any CPU
		{DA24289F-8719-08C1-7156-6D8E0B58DA73}.Debug|Any CPU.Build.0 = Debug|Any CPU
		{DA24289F-8719-08C1-7156-6D8E0B58DA73}.Release|Any CPU.ActiveCfg = Release|Any CPU
		{DA24289F-8719-08C1-7156-6D8E0B58DA73}.Release|Any CPU.Build.0 = Release|Any CPU
		{89EFB4DE-FB2F-7514-18F5-6159E2A868C4}.Debug|Any CPU.ActiveCfg = Debug|Any CPU
		{89EFB4DE-FB2F-7514-18F5-6159E2A868C4}.Debug|Any CPU.Build.0 = Debug|Any CPU
		{89EFB4DE-FB2F-7514-18F5-6159E2A868C4}.Release|Any CPU.ActiveCfg = Release|Any CPU
		{89EFB4DE-FB2F-7514-18F5-6159E2A868C4}.Release|Any CPU.Build.0 = Release|Any CPU
		{5451E787-2D31-190D-7C62-A163180098BF}.Debug|Any CPU.ActiveCfg = Debug|Any CPU
		{5451E787-2D31-190D-7C62-A163180098BF}.Debug|Any CPU.Build.0 = Debug|Any CPU
		{5451E787-2D31-190D-7C62-A163180098BF}.Release|Any CPU.ActiveCfg = Release|Any CPU
		{5451E787-2D31-190D-7C62-A163180098BF}.Release|Any CPU.Build.0 = Release|Any CPU
		{362782A2-3AFC-9C98-A2B2-1414E037CAD7}.Debug|Any CPU.ActiveCfg = Debug|Any CPU
		{362782A2-3AFC-9C98-A2B2-1414E037CAD7}.Debug|Any CPU.Build.0 = Debug|Any CPU
		{362782A2-3AFC-9C98-A2B2-1414E037CAD7}.Release|Any CPU.ActiveCfg = Release|Any CPU
		{362782A2-3AFC-9C98-A2B2-1414E037CAD7}.Release|Any CPU.Build.0 = Release|Any CPU
		{83880CEA-8041-CD71-9FD7-F33FF5ECEC83}.Debug|Any CPU.ActiveCfg = Debug|Any CPU
		{83880CEA-8041-CD71-9FD7-F33FF5ECEC83}.Debug|Any CPU.Build.0 = Debug|Any CPU
		{83880CEA-8041-CD71-9FD7-F33FF5ECEC83}.Release|Any CPU.ActiveCfg = Release|Any CPU
		{83880CEA-8041-CD71-9FD7-F33FF5ECEC83}.Release|Any CPU.Build.0 = Release|Any CPU
		{0832171B-9C6C-993C-1262-E225321DF797}.Debug|Any CPU.ActiveCfg = Debug|Any CPU
		{0832171B-9C6C-993C-1262-E225321DF797}.Debug|Any CPU.Build.0 = Debug|Any CPU
		{0832171B-9C6C-993C-1262-E225321DF797}.Release|Any CPU.ActiveCfg = Release|Any CPU
		{0832171B-9C6C-993C-1262-E225321DF797}.Release|Any CPU.Build.0 = Release|Any CPU
		{6C5458D1-B873-64F4-91B6-D9527EC86D94}.Debug|Any CPU.ActiveCfg = Debug|Any CPU
		{6C5458D1-B873-64F4-91B6-D9527EC86D94}.Debug|Any CPU.Build.0 = Debug|Any CPU
		{6C5458D1-B873-64F4-91B6-D9527EC86D94}.Release|Any CPU.ActiveCfg = Release|Any CPU
		{6C5458D1-B873-64F4-91B6-D9527EC86D94}.Release|Any CPU.Build.0 = Release|Any CPU
		{3FE5830B-5B68-C77D-2898-A12285379779}.Debug|Any CPU.ActiveCfg = Debug|Any CPU
		{3FE5830B-5B68-C77D-2898-A12285379779}.Debug|Any CPU.Build.0 = Debug|Any CPU
		{3FE5830B-5B68-C77D-2898-A12285379779}.Release|Any CPU.ActiveCfg = Release|Any CPU
		{3FE5830B-5B68-C77D-2898-A12285379779}.Release|Any CPU.Build.0 = Release|Any CPU
		{5C5CAD04-EE5B-FEC3-E77D-13F916BC77CB}.Debug|Any CPU.ActiveCfg = Debug|Any CPU
		{5C5CAD04-EE5B-FEC3-E77D-13F916BC77CB}.Debug|Any CPU.Build.0 = Debug|Any CPU
		{5C5CAD04-EE5B-FEC3-E77D-13F916BC77CB}.Release|Any CPU.ActiveCfg = Release|Any CPU
		{5C5CAD04-EE5B-FEC3-E77D-13F916BC77CB}.Release|Any CPU.Build.0 = Release|Any CPU
		{8E57810D-D828-4E49-C6BA-37E34891E461}.Debug|Any CPU.ActiveCfg = Debug|Any CPU
		{8E57810D-D828-4E49-C6BA-37E34891E461}.Debug|Any CPU.Build.0 = Debug|Any CPU
		{8E57810D-D828-4E49-C6BA-37E34891E461}.Release|Any CPU.ActiveCfg = Release|Any CPU
		{8E57810D-D828-4E49-C6BA-37E34891E461}.Release|Any CPU.Build.0 = Release|Any CPU
		{FD0C4077-394E-327D-D37D-EA2245B40B39}.Debug|Any CPU.ActiveCfg = Debug|Any CPU
		{FD0C4077-394E-327D-D37D-EA2245B40B39}.Debug|Any CPU.Build.0 = Debug|Any CPU
		{FD0C4077-394E-327D-D37D-EA2245B40B39}.Release|Any CPU.ActiveCfg = Release|Any CPU
		{FD0C4077-394E-327D-D37D-EA2245B40B39}.Release|Any CPU.Build.0 = Release|Any CPU
		{C78E37A5-58B5-0395-29C1-62134DE6DB56}.Debug|Any CPU.ActiveCfg = Debug|Any CPU
		{C78E37A5-58B5-0395-29C1-62134DE6DB56}.Debug|Any CPU.Build.0 = Debug|Any CPU
		{C78E37A5-58B5-0395-29C1-62134DE6DB56}.Release|Any CPU.ActiveCfg = Release|Any CPU
		{C78E37A5-58B5-0395-29C1-62134DE6DB56}.Release|Any CPU.Build.0 = Release|Any CPU
		{E1ABC7D8-E831-831E-90E9-7E84E171ABC8}.Debug|Any CPU.ActiveCfg = Debug|Any CPU
		{E1ABC7D8-E831-831E-90E9-7E84E171ABC8}.Debug|Any CPU.Build.0 = Debug|Any CPU
		{E1ABC7D8-E831-831E-90E9-7E84E171ABC8}.Release|Any CPU.ActiveCfg = Release|Any CPU
		{E1ABC7D8-E831-831E-90E9-7E84E171ABC8}.Release|Any CPU.Build.0 = Release|Any CPU
	EndGlobalSection
	GlobalSection(SolutionProperties) = preSolution
		HideSolutionNode = FALSE
	EndGlobalSection
	GlobalSection(NestedProjects) = preSolution
		{B55B2CDB-51A4-AA3B-C7A3-FD483D1E58DE} = {2881503F-E06E-2272-EBB0-582A9B2CAE1F}
		{BFD2FDDE-3948-56AC-D968-D6DCDD3D9F92} = {2881503F-E06E-2272-EBB0-582A9B2CAE1F}
		{1BF39B28-FC4C-081F-EAB3-6262D7739A6A} = {2881503F-E06E-2272-EBB0-582A9B2CAE1F}
		{FD21602C-4DB1-1FF6-4025-2DA282729889} = {2881503F-E06E-2272-EBB0-582A9B2CAE1F}
		{354838A7-EE0D-15E4-697E-A71A9BD9F892} = {FD21602C-4DB1-1FF6-4025-2DA282729889}
		{ED2077E1-18FA-343B-2A8D-F2E393C02D1F} = {2881503F-E06E-2272-EBB0-582A9B2CAE1F}
		{059A95DC-223C-553F-AF95-7454C839659F} = {2881503F-E06E-2272-EBB0-582A9B2CAE1F}
		{211A2752-33AC-9E22-DA82-9D9070737F53} = {2881503F-E06E-2272-EBB0-582A9B2CAE1F}
		{6C085FD7-EE49-7746-0BFC-F558B39BCA54} = {2881503F-E06E-2272-EBB0-582A9B2CAE1F}
		{50F80C5C-D926-9FA6-636D-F8E74D406029} = {2881503F-E06E-2272-EBB0-582A9B2CAE1F}
		{3B94E243-A32A-43C2-E652-762B26C61FE6} = {2881503F-E06E-2272-EBB0-582A9B2CAE1F}
		{5987DA72-D57E-F585-8E4F-93CA09EE56AB} = {2881503F-E06E-2272-EBB0-582A9B2CAE1F}
		{8BE26440-00E4-F583-3FE9-6EDF5F74F723} = {5987DA72-D57E-F585-8E4F-93CA09EE56AB}
		{01421E73-E9FB-D622-2BFB-C02B3C001D47} = {2881503F-E06E-2272-EBB0-582A9B2CAE1F}
		{1B01E34B-08CA-2959-3EE6-E1566342A485} = {01421E73-E9FB-D622-2BFB-C02B3C001D47}
		{3D7C06BB-6924-94A3-0A76-93C6E03D4072} = {2881503F-E06E-2272-EBB0-582A9B2CAE1F}
		{C431E442-5F51-E343-84E5-A87D32324D39} = {3D7C06BB-6924-94A3-0A76-93C6E03D4072}
		{F79263E8-9791-6ED5-36EF-841CB5A03C3B} = {2881503F-E06E-2272-EBB0-582A9B2CAE1F}
		{499482AA-1911-41CF-AFDF-8C40CEFC1DCF} = {F79263E8-9791-6ED5-36EF-841CB5A03C3B}
		{A1C1EC73-86D4-5DD9-BF44-1DFE2B01CE72} = {2881503F-E06E-2272-EBB0-582A9B2CAE1F}
		{27F2A52B-DFC3-E670-E4D0-0F1DF3A2BEF5} = {A1C1EC73-86D4-5DD9-BF44-1DFE2B01CE72}
		{A42EF826-D637-981E-49FF-972CFB6E3F43} = {2881503F-E06E-2272-EBB0-582A9B2CAE1F}
		{6EE73575-0F7A-13D7-B131-308A3F753EE1} = {A42EF826-D637-981E-49FF-972CFB6E3F43}
		{5BE27181-FEAB-CF96-02CB-71A5382282C8} = {50B08159-201E-6AF5-D02E-CF18B914CD7D}
		{9B0E01E1-5A81-3F05-3BC0-1CDFAA1B229D} = {50B08159-201E-6AF5-D02E-CF18B914CD7D}
		{DA24289F-8719-08C1-7156-6D8E0B58DA73} = {50B08159-201E-6AF5-D02E-CF18B914CD7D}
		{89EFB4DE-FB2F-7514-18F5-6159E2A868C4} = {50B08159-201E-6AF5-D02E-CF18B914CD7D}
		{5451E787-2D31-190D-7C62-A163180098BF} = {50B08159-201E-6AF5-D02E-CF18B914CD7D}
		{362782A2-3AFC-9C98-A2B2-1414E037CAD7} = {50B08159-201E-6AF5-D02E-CF18B914CD7D}
		{83880CEA-8041-CD71-9FD7-F33FF5ECEC83} = {50B08159-201E-6AF5-D02E-CF18B914CD7D}
		{0832171B-9C6C-993C-1262-E225321DF797} = {50B08159-201E-6AF5-D02E-CF18B914CD7D}
		{6C5458D1-B873-64F4-91B6-D9527EC86D94} = {50B08159-201E-6AF5-D02E-CF18B914CD7D}
		{3FE5830B-5B68-C77D-2898-A12285379779} = {50B08159-201E-6AF5-D02E-CF18B914CD7D}
		{5C5CAD04-EE5B-FEC3-E77D-13F916BC77CB} = {50B08159-201E-6AF5-D02E-CF18B914CD7D}
		{8E57810D-D828-4E49-C6BA-37E34891E461} = {50B08159-201E-6AF5-D02E-CF18B914CD7D}
		{FD0C4077-394E-327D-D37D-EA2245B40B39} = {50B08159-201E-6AF5-D02E-CF18B914CD7D}
		{C78E37A5-58B5-0395-29C1-62134DE6DB56} = {50B08159-201E-6AF5-D02E-CF18B914CD7D}
		{E1ABC7D8-E831-831E-90E9-7E84E171ABC8} = {50B08159-201E-6AF5-D02E-CF18B914CD7D}
	EndGlobalSection
	GlobalSection(ExtensibilityGlobals) = postSolution
		SolutionGuid = {FBFC32F6-04F3-408B-9628-168B0795FB06}
	EndGlobalSection
EndGlobal
